
Microsoft Visual Studio Solution File, Format Version 12.00
# Visual Studio Version 17
VisualStudioVersion = 17.0.31903.59
MinimumVisualStudioVersion = 10.0.40219.1
Project("{2150E333-8FDC-42A3-9474-1A3956D46DE8}") = "Backend", "Backend", "{1AE8ACA6-933B-BF2A-3671-3E2EAC007D16}"
EndProject
Project("{2150E333-8FDC-42A3-9474-1A3956D46DE8}") = "API", "API", "{F5770A5D-1764-CA48-906B-8D098984A6C2}"
EndProject
Project("{FAE04EC0-301F-11D3-BF4B-00C04F79EFBC}") = "PruebaPracticaAudisoft.API", "Backend\API\PruebaPracticaAudisoft.API.csproj", "{F64867E4-B225-49BB-9EBA-E1DE6D1EE7AD}"
EndProject
Project("{2150E333-8FDC-42A3-9474-1A3956D46DE8}") = "Domain", "Domain", "{E207081A-50CB-EAEE-EA3C-82FAA7B89B45}"
EndProject
Project("{FAE04EC0-301F-11D3-BF4B-00C04F79EFBC}") = "PruebaPracticaAudisoft.Domain", "Backend\Domain\PruebaPracticaAudisoft.Domain.csproj", "{67F91027-6DB4-4DBC-A676-5DD321AE56B5}"
EndProject
Project("{2150E333-8FDC-42A3-9474-1A3956D46DE8}") = "Infrastructure", "Infrastructure", "{8D1106A4-B260-37DC-E636-64C7E8341F7E}"
EndProject
Project("{FAE04EC0-301F-11D3-BF4B-00C04F79EFBC}") = "PruebaPracticaAudisoft.Infrastructure", "Backend\Infrastructure\PruebaPracticaAudisoft.Infrastructure.csproj", "{FD631E06-E2EC-4D3F-8B76-67622977E0CD}"
EndProject
Project("{2150E333-8FDC-42A3-9474-1A3956D46DE8}") = "Application", "Application", "{33FD244D-51BC-CAC7-0C9F-80EE60BF9967}"
EndProject
Project("{FAE04EC0-301F-11D3-BF4B-00C04F79EFBC}") = "PruebaPracticaAudisoft.Application", "Backend\Application\PruebaPracticaAudisoft.Application.csproj", "{83A2F4E4-8EC2-4D6F-AAA5-A6D099A45B7F}"
EndProject
Global
	GlobalSection(SolutionConfigurationPlatforms) = preSolution
		Debug|Any CPU = Debug|Any CPU
		Debug|x64 = Debug|x64
		Debug|x86 = Debug|x86
		Release|Any CPU = Release|Any CPU
		Release|x64 = Release|x64
		Release|x86 = Release|x86
	EndGlobalSection
	GlobalSection(ProjectConfigurationPlatforms) = postSolution
		{F64867E4-B225-49BB-9EBA-E1DE6D1EE7AD}.Debug|Any CPU.ActiveCfg = Debug|Any CPU
		{F64867E4-B225-49BB-9EBA-E1DE6D1EE7AD}.Debug|Any CPU.Build.0 = Debug|Any CPU
		{F64867E4-B225-49BB-9EBA-E1DE6D1EE7AD}.Debug|x64.ActiveCfg = Debug|Any CPU
		{F64867E4-B225-49BB-9EBA-E1DE6D1EE7AD}.Debug|x64.Build.0 = Debug|Any CPU
		{F64867E4-B225-49BB-9EBA-E1DE6D1EE7AD}.Debug|x86.ActiveCfg = Debug|Any CPU
		{F64867E4-B225-49BB-9EBA-E1DE6D1EE7AD}.Debug|x86.Build.0 = Debug|Any CPU
		{F64867E4-B225-49BB-9EBA-E1DE6D1EE7AD}.Release|Any CPU.ActiveCfg = Release|Any CPU
		{F64867E4-B225-49BB-9EBA-E1DE6D1EE7AD}.Release|Any CPU.Build.0 = Release|Any CPU
		{F64867E4-B225-49BB-9EBA-E1DE6D1EE7AD}.Release|x64.ActiveCfg = Release|Any CPU
		{F64867E4-B225-49BB-9EBA-E1DE6D1EE7AD}.Release|x64.Build.0 = Release|Any CPU
		{F64867E4-B225-49BB-9EBA-E1DE6D1EE7AD}.Release|x86.ActiveCfg = Release|Any CPU
		{F64867E4-B225-49BB-9EBA-E1DE6D1EE7AD}.Release|x86.Build.0 = Release|Any CPU
		{67F91027-6DB4-4DBC-A676-5DD321AE56B5}.Debug|Any CPU.ActiveCfg = Debug|Any CPU
		{67F91027-6DB4-4DBC-A676-5DD321AE56B5}.Debug|Any CPU.Build.0 = Debug|Any CPU
		{67F91027-6DB4-4DBC-A676-5DD321AE56B5}.Debug|x64.ActiveCfg = Debug|Any CPU
		{67F91027-6DB4-4DBC-A676-5DD321AE56B5}.Debug|x64.Build.0 = Debug|Any CPU
		{67F91027-6DB4-4DBC-A676-5DD321AE56B5}.Debug|x86.ActiveCfg = Debug|Any CPU
		{67F91027-6DB4-4DBC-A676-5DD321AE56B5}.Debug|x86.Build.0 = Debug|Any CPU
		{67F91027-6DB4-4DBC-A676-5DD321AE56B5}.Release|Any CPU.ActiveCfg = Release|Any CPU
		{67F91027-6DB4-4DBC-A676-5DD321AE56B5}.Release|Any CPU.Build.0 = Release|Any CPU
		{67F91027-6DB4-4DBC-A676-5DD321AE56B5}.Release|x64.ActiveCfg = Release|Any CPU
		{67F91027-6DB4-4DBC-A676-5DD321AE56B5}.Release|x64.Build.0 = Release|Any CPU
		{67F91027-6DB4-4DBC-A676-5DD321AE56B5}.Release|x86.ActiveCfg = Release|Any CPU
		{67F91027-6DB4-4DBC-A676-5DD321AE56B5}.Release|x86.Build.0 = Release|Any CPU
		{FD631E06-E2EC-4D3F-8B76-67622977E0CD}.Debug|Any CPU.ActiveCfg = Debug|Any CPU
		{FD631E06-E2EC-4D3F-8B76-67622977E0CD}.Debug|Any CPU.Build.0 = Debug|Any CPU
		{FD631E06-E2EC-4D3F-8B76-67622977E0CD}.Debug|x64.ActiveCfg = Debug|Any CPU
		{FD631E06-E2EC-4D3F-8B76-67622977E0CD}.Debug|x64.Build.0 = Debug|Any CPU
		{FD631E06-E2EC-4D3F-8B76-67622977E0CD}.Debug|x86.ActiveCfg = Debug|Any CPU
		{FD631E06-E2EC-4D3F-8B76-67622977E0CD}.Debug|x86.Build.0 = Debug|Any CPU
		{FD631E06-E2EC-4D3F-8B76-67622977E0CD}.Release|Any CPU.ActiveCfg = Release|Any CPU
		{FD631E06-E2EC-4D3F-8B76-67622977E0CD}.Release|Any CPU.Build.0 = Release|Any CPU
		{FD631E06-E2EC-4D3F-8B76-67622977E0CD}.Release|x64.ActiveCfg = Release|Any CPU
		{FD631E06-E2EC-4D3F-8B76-67622977E0CD}.Release|x64.Build.0 = Release|Any CPU
		{FD631E06-E2EC-4D3F-8B76-67622977E0CD}.Release|x86.ActiveCfg = Release|Any CPU
		{FD631E06-E2EC-4D3F-8B76-67622977E0CD}.Release|x86.Build.0 = Release|Any CPU
		{83A2F4E4-8EC2-4D6F-AAA5-A6D099A45B7F}.Debug|Any CPU.ActiveCfg = Debug|Any CPU
		{83A2F4E4-8EC2-4D6F-AAA5-A6D099A45B7F}.Debug|Any CPU.Build.0 = Debug|Any CPU
		{83A2F4E4-8EC2-4D6F-AAA5-A6D099A45B7F}.Debug|x64.ActiveCfg = Debug|Any CPU
		{83A2F4E4-8EC2-4D6F-AAA5-A6D099A45B7F}.Debug|x64.Build.0 = Debug|Any CPU
		{83A2F4E4-8EC2-4D6F-AAA5-A6D099A45B7F}.Debug|x86.ActiveCfg = Debug|Any CPU
		{83A2F4E4-8EC2-4D6F-AAA5-A6D099A45B7F}.Debug|x86.Build.0 = Debug|Any CPU
		{83A2F4E4-8EC2-4D6F-AAA5-A6D099A45B7F}.Release|Any CPU.ActiveCfg = Release|Any CPU
		{83A2F4E4-8EC2-4D6F-AAA5-A6D099A45B7F}.Release|Any CPU.Build.0 = Release|Any CPU
		{83A2F4E4-8EC2-4D6F-AAA5-A6D099A45B7F}.Release|x64.ActiveCfg = Release|Any CPU
		{83A2F4E4-8EC2-4D6F-AAA5-A6D099A45B7F}.Release|x64.Build.0 = Release|Any CPU
		{83A2F4E4-8EC2-4D6F-AAA5-A6D099A45B7F}.Release|x86.ActiveCfg = Release|Any CPU
		{83A2F4E4-8EC2-4D6F-AAA5-A6D099A45B7F}.Release|x86.Build.0 = Release|Any CPU
	EndGlobalSection
	GlobalSection(SolutionProperties) = preSolution
		HideSolutionNode = FALSE
	EndGlobalSection
	GlobalSection(NestedProjects) = preSolution
		{F5770A5D-1764-CA48-906B-8D098984A6C2} = {1AE8ACA6-933B-BF2A-3671-3E2EAC007D16}
		{F64867E4-B225-49BB-9EBA-E1DE6D1EE7AD} = {F5770A5D-1764-CA48-906B-8D098984A6C2}
		{E207081A-50CB-EAEE-EA3C-82FAA7B89B45} = {1AE8ACA6-933B-BF2A-3671-3E2EAC007D16}
		{67F91027-6DB4-4DBC-A676-5DD321AE56B5} = {E207081A-50CB-EAEE-EA3C-82FAA7B89B45}
		{8D1106A4-B260-37DC-E636-64C7E8341F7E} = {1AE8ACA6-933B-BF2A-3671-3E2EAC007D16}
		{FD631E06-E2EC-4D3F-8B76-67622977E0CD} = {8D1106A4-B260-37DC-E636-64C7E8341F7E}
		{33FD244D-51BC-CAC7-0C9F-80EE60BF9967} = {1AE8ACA6-933B-BF2A-3671-3E2EAC007D16}
		{83A2F4E4-8EC2-4D6F-AAA5-A6D099A45B7F} = {33FD244D-51BC-CAC7-0C9F-80EE60BF9967}
	EndGlobalSection
EndGlobal
